
Microsoft Visual Studio Solution File, Format Version 12.00
# Visual Studio 2013
VisualStudioVersion = 12.0.40629.0
MinimumVisualStudioVersion = 10.0.40219.1
Project("{2150E333-8FDC-42A3-9474-1A3956D46DE8}") = "Engine", "Engine", "{3971B666-D1BB-4C26-B4DA-586C2E272943}"
EndProject
Project("{2150E333-8FDC-42A3-9474-1A3956D46DE8}") = "Games", "Games", "{2223674E-FD32-45D0-B91C-B86130628628}"
EndProject
Project("{8BC9CEB8-8B4A-11D0-8D11-00A0C91BC942}") = "UE4", "Intermediate\ProjectFiles\UE4.vcxproj", "{C7068DE4-29B2-4CDE-A5CC-24A7400452CE}"
EndProject
Project("{8BC9CEB8-8B4A-11D0-8D11-00A0C91BC942}") = "Road_Fever", "Intermediate\ProjectFiles\Road_Fever.vcxproj", "{155FCD63-93B5-4182-9FA5-26002A3490A9}"
EndProject
Global
	GlobalSection(SolutionConfigurationPlatforms) = preSolution
		DebugGame Editor|Win32 = DebugGame Editor|Win32
		DebugGame Editor|Win64 = DebugGame Editor|Win64
		DebugGame|Win32 = DebugGame|Win32
		DebugGame|Win64 = DebugGame|Win64
		Development Editor|Win32 = Development Editor|Win32
		Development Editor|Win64 = Development Editor|Win64
		Development|Win32 = Development|Win32
		Development|Win64 = Development|Win64
		Shipping|Win32 = Shipping|Win32
		Shipping|Win64 = Shipping|Win64
	EndGlobalSection
	GlobalSection(ProjectConfigurationPlatforms) = postSolution
		{C7068DE4-29B2-4CDE-A5CC-24A7400452CE}.DebugGame Editor|Win32.ActiveCfg = BuiltWithUnrealBuildTool|Win32
		{C7068DE4-29B2-4CDE-A5CC-24A7400452CE}.DebugGame Editor|Win32.Build.0 = BuiltWithUnrealBuildTool|Win32
		{C7068DE4-29B2-4CDE-A5CC-24A7400452CE}.DebugGame Editor|Win64.ActiveCfg = BuiltWithUnrealBuildTool|Win32
		{C7068DE4-29B2-4CDE-A5CC-24A7400452CE}.DebugGame|Win32.ActiveCfg = BuiltWithUnrealBuildTool|Win32
		{C7068DE4-29B2-4CDE-A5CC-24A7400452CE}.DebugGame|Win32.Build.0 = BuiltWithUnrealBuildTool|Win32
		{C7068DE4-29B2-4CDE-A5CC-24A7400452CE}.DebugGame|Win64.ActiveCfg = BuiltWithUnrealBuildTool|Win32
		{C7068DE4-29B2-4CDE-A5CC-24A7400452CE}.Development Editor|Win32.ActiveCfg = BuiltWithUnrealBuildTool|Win32
		{C7068DE4-29B2-4CDE-A5CC-24A7400452CE}.Development Editor|Win32.Build.0 = BuiltWithUnrealBuildTool|Win32
		{C7068DE4-29B2-4CDE-A5CC-24A7400452CE}.Development Editor|Win64.ActiveCfg = BuiltWithUnrealBuildTool|Win32
		{C7068DE4-29B2-4CDE-A5CC-24A7400452CE}.Development|Win32.ActiveCfg = BuiltWithUnrealBuildTool|Win32
		{C7068DE4-29B2-4CDE-A5CC-24A7400452CE}.Development|Win32.Build.0 = BuiltWithUnrealBuildTool|Win32
		{C7068DE4-29B2-4CDE-A5CC-24A7400452CE}.Development|Win64.ActiveCfg = BuiltWithUnrealBuildTool|Win32
		{C7068DE4-29B2-4CDE-A5CC-24A7400452CE}.Shipping|Win32.ActiveCfg = BuiltWithUnrealBuildTool|Win32
		{C7068DE4-29B2-4CDE-A5CC-24A7400452CE}.Shipping|Win32.Build.0 = BuiltWithUnrealBuildTool|Win32
		{C7068DE4-29B2-4CDE-A5CC-24A7400452CE}.Shipping|Win64.ActiveCfg = BuiltWithUnrealBuildTool|Win32
		{155FCD63-93B5-4182-9FA5-26002A3490A9}.DebugGame Editor|Win32.ActiveCfg = DebugGame_Editor|Win32
		{155FCD63-93B5-4182-9FA5-26002A3490A9}.DebugGame Editor|Win32.Build.0 = DebugGame_Editor|Win32
		{155FCD63-93B5-4182-9FA5-26002A3490A9}.DebugGame Editor|Win64.ActiveCfg = DebugGame_Editor|x64
		{155FCD63-93B5-4182-9FA5-26002A3490A9}.DebugGame Editor|Win64.Build.0 = DebugGame_Editor|x64
		{155FCD63-93B5-4182-9FA5-26002A3490A9}.DebugGame|Win32.ActiveCfg = DebugGame_Game|Win32
		{155FCD63-93B5-4182-9FA5-26002A3490A9}.DebugGame|Win32.Build.0 = DebugGame_Game|Win32
		{155FCD63-93B5-4182-9FA5-26002A3490A9}.DebugGame|Win64.ActiveCfg = DebugGame_Game|x64
		{155FCD63-93B5-4182-9FA5-26002A3490A9}.DebugGame|Win64.Build.0 = DebugGame_Game|x64
		{155FCD63-93B5-4182-9FA5-26002A3490A9}.Development Editor|Win32.ActiveCfg = Development_Editor|Win32
		{155FCD63-93B5-4182-9FA5-26002A3490A9}.Development Editor|Win32.Build.0 = Development_Editor|Win32
		{155FCD63-93B5-4182-9FA5-26002A3490A9}.Development Editor|Win64.ActiveCfg = Development_Editor|x64
		{155FCD63-93B5-4182-9FA5-26002A3490A9}.Development Editor|Win64.Build.0 = Development_Editor|x64
		{155FCD63-93B5-4182-9FA5-26002A3490A9}.Development|Win32.ActiveCfg = Development_Game|Win32
		{155FCD63-93B5-4182-9FA5-26002A3490A9}.Development|Win32.Build.0 = Development_Game|Win32
		{155FCD63-93B5-4182-9FA5-26002A3490A9}.Development|Win64.ActiveCfg = Development_Game|x64
		{155FCD63-93B5-4182-9FA5-26002A3490A9}.Development|Win64.Build.0 = Development_Game|x64
		{155FCD63-93B5-4182-9FA5-26002A3490A9}.Shipping|Win32.ActiveCfg = Shipping_Game|Win32
		{155FCD63-93B5-4182-9FA5-26002A3490A9}.Shipping|Win32.Build.0 = Shipping_Game|Win32
		{155FCD63-93B5-4182-9FA5-26002A3490A9}.Shipping|Win64.ActiveCfg = Shipping_Game|x64
		{155FCD63-93B5-4182-9FA5-26002A3490A9}.Shipping|Win64.Build.0 = Shipping_Game|x64
	EndGlobalSection
	GlobalSection(SolutionProperties) = preSolution
		HideSolutionNode = FALSE
	EndGlobalSection
	GlobalSection(NestedProjects) = preSolution
		{C7068DE4-29B2-4CDE-A5CC-24A7400452CE} = {3971B666-D1BB-4C26-B4DA-586C2E272943}
		{155FCD63-93B5-4182-9FA5-26002A3490A9} = {2223674E-FD32-45D0-B91C-B86130628628}
	EndGlobalSection
EndGlobal
